
Microsoft Visual Studio Solution File, Format Version 12.00
Project("{FAE04EC0-301F-11D3-BF4B-00C04F79EFBC}") = "ServerToClient", "ServerToClient\ServerToClient.csproj", "{76E20A27-DDE6-4145-A755-B111F69BEBAD}"
EndProject
Project("{FAE04EC0-301F-11D3-BF4B-00C04F79EFBC}") = "Server", "Server\Server.csproj", "{FF348711-7253-4CD5-9E7F-DE1543FCD497}"
EndProject
Project("{FAE04EC0-301F-11D3-BF4B-00C04F79EFBC}") = "ClientVar7", "ClientVar7\ClientVar7.csproj", "{FB95B641-76E4-46C1-ADC6-5E94ED9937E9}"
EndProject
Global
	GlobalSection(SolutionConfigurationPlatforms) = preSolution
		Debug|Any CPU = Debug|Any CPU
		Release|Any CPU = Release|Any CPU
	EndGlobalSection
	GlobalSection(ProjectConfigurationPlatforms) = postSolution
		{76E20A27-DDE6-4145-A755-B111F69BEBAD}.Debug|Any CPU.ActiveCfg = Debug|Any CPU
		{76E20A27-DDE6-4145-A755-B111F69BEBAD}.Debug|Any CPU.Build.0 = Debug|Any CPU
		{76E20A27-DDE6-4145-A755-B111F69BEBAD}.Release|Any CPU.ActiveCfg = Release|Any CPU
		{76E20A27-DDE6-4145-A755-B111F69BEBAD}.Release|Any CPU.Build.0 = Release|Any CPU
		{FF348711-7253-4CD5-9E7F-DE1543FCD497}.Debug|Any CPU.ActiveCfg = Debug|Any CPU
		{FF348711-7253-4CD5-9E7F-DE1543FCD497}.Debug|Any CPU.Build.0 = Debug|Any CPU
		{FF348711-7253-4CD5-9E7F-DE1543FCD497}.Release|Any CPU.ActiveCfg = Release|Any CPU
		{FF348711-7253-4CD5-9E7F-DE1543FCD497}.Release|Any CPU.Build.0 = Release|Any CPU
		{FB95B641-76E4-46C1-ADC6-5E94ED9937E9}.Debug|Any CPU.ActiveCfg = Debug|Any CPU
		{FB95B641-76E4-46C1-ADC6-5E94ED9937E9}.Debug|Any CPU.Build.0 = Debug|Any CPU
		{FB95B641-76E4-46C1-ADC6-5E94ED9937E9}.Release|Any CPU.ActiveCfg = Release|Any CPU
		{FB95B641-76E4-46C1-ADC6-5E94ED9937E9}.Release|Any CPU.Build.0 = Release|Any CPU
	EndGlobalSection
EndGlobal
